// !$*UTF8*$!
{
	archiveVersion = 1;
	classes = {
	};
	objectVersion = 46;
	objects = {

/* Begin PBXBuildFile section */
		F9F29D641BD17F8800251212 /* AppDelegate.swift in Sources */ = {isa = PBXBuildFile; fileRef = F9F29D631BD17F8800251212 /* AppDelegate.swift */; };
		F9F29D661BD17F8800251212 /* ViewController.swift in Sources */ = {isa = PBXBuildFile; fileRef = F9F29D651BD17F8800251212 /* ViewController.swift */; };
		F9F29D691BD17F8800251212 /* Main.storyboard in Resources */ = {isa = PBXBuildFile; fileRef = F9F29D671BD17F8800251212 /* Main.storyboard */; };
		F9F29D6B1BD17F8800251212 /* Assets.xcassets in Resources */ = {isa = PBXBuildFile; fileRef = F9F29D6A1BD17F8800251212 /* Assets.xcassets */; };
		F9F29D6E1BD17F8800251212 /* LaunchScreen.storyboard in Resources */ = {isa = PBXBuildFile; fileRef = F9F29D6C1BD17F8800251212 /* LaunchScreen.storyboard */; };
		F9F29D761BD182E000251212 /* PushButton.swift in Sources */ = {isa = PBXBuildFile; fileRef = F9F29D751BD182E000251212 /* PushButton.swift */; settings = {ASSET_TAGS = (); }; };
/* End PBXBuildFile section */

/* Begin PBXFileReference section */
		F9F29D601BD17F8800251212 /* Flo.app */ = {isa = PBXFileReference; explicitFileType = wrapper.application; includeInIndex = 0; path = Flo.app; sourceTree = BUILT_PRODUCTS_DIR; };
		F9F29D631BD17F8800251212 /* AppDelegate.swift */ = {isa = PBXFileReference; lastKnownFileType = sourcecode.swift; path = AppDelegate.swift; sourceTree = "<group>"; };
		F9F29D651BD17F8800251212 /* ViewController.swift */ = {isa = PBXFileReference; lastKnownFileType = sourcecode.swift; path = ViewController.swift; sourceTree = "<group>"; };
		F9F29D681BD17F8800251212 /* Base */ = {isa = PBXFileReference; lastKnownFileType = file.storyboard; name = Base; path = Base.lproj/Main.storyboard; sourceTree = "<group>"; };
		F9F29D6A1BD17F8800251212 /* Assets.xcassets */ = {isa = PBXFileReference; lastKnownFileType = folder.assetcatalog; path = Assets.xcassets; sourceTree = "<group>"; };
		F9F29D6D1BD17F8800251212 /* Base */ = {isa = PBXFileReference; lastKnownFileType = file.storyboard; name = Base; path = Base.lproj/LaunchScreen.storyboard; sourceTree = "<group>"; };
		F9F29D6F1BD17F8800251212 /* Info.plist */ = {isa = PBXFileReference; lastKnownFileType = text.plist.xml; path = Info.plist; sourceTree = "<group>"; };
		F9F29D751BD182E000251212 /* PushButton.swift */ = {isa = PBXFileReference; fileEncoding = 4; lastKnownFileType = sourcecode.swift; path = PushButton.swift; sourceTree = "<group>"; };
/* End PBXFileReference section */

/* Begin PBXFrameworksBuildPhase section */
		F9F29D5D1BD17F8800251212 /* Frameworks */ = {
			isa = PBXFrameworksBuildPhase;
			buildActionMask = 2147483647;
			files = (
			);
			runOnlyForDeploymentPostprocessing = 0;
		};
/* End PBXFrameworksBuildPhase section */

/* Begin PBXGroup section */
		F9F29D571BD17F8800251212 = {
			isa = PBXGroup;
			children = (
				F9F29D621BD17F8800251212 /* Flo */,
				F9F29D611BD17F8800251212 /* Products */,
			);
			sourceTree = "<group>";
		};
		F9F29D611BD17F8800251212 /* Products */ = {
			isa = PBXGroup;
			children = (
				F9F29D601BD17F8800251212 /* Flo.app */,
			);
			name = Products;
			sourceTree = "<group>";
		};
		F9F29D621BD17F8800251212 /* Flo */ = {
			isa = PBXGroup;
			children = (
				F9F29D631BD17F8800251212 /* AppDelegate.swift */,
				F9F29D651BD17F8800251212 /* ViewController.swift */,
				F9F29D751BD182E000251212 /* PushButton.swift */,
				F9F29D671BD17F8800251212 /* Main.storyboard */,
				F9F29D6A1BD17F8800251212 /* Assets.xcassets */,
				F9F29D6C1BD17F8800251212 /* LaunchScreen.storyboard */,
				F9F29D6F1BD17F8800251212 /* Info.plist */,
			);
			path = Flo;
			sourceTree = "<group>";
		};
/* End PBXGroup section */

/* Begin PBXNativeTarget section */
		F9F29D5F1BD17F8800251212 /* Flo */ = {
			isa = PBXNativeTarget;
			buildConfigurationList = F9F29D721BD17F8800251212 /* Build configuration list for PBXNativeTarget "Flo" */;
			buildPhases = (
				F9F29D5C1BD17F8800251212 /* Sources */,
				F9F29D5D1BD17F8800251212 /* Frameworks */,
				F9F29D5E1BD17F8800251212 /* Resources */,
			);
			buildRules = (
			);
			dependencies = (
			);
			name = Flo;
			productName = Flo;
			productReference = F9F29D601BD17F8800251212 /* Flo.app */;
			productType = "com.apple.product-type.application";
		};
/* End PBXNativeTarget section */

/* Begin PBXProject section */
		F9F29D581BD17F8800251212 /* Project object */ = {
			isa = PBXProject;
			attributes = {
				LastUpgradeCheck = 0700;
				ORGANIZATIONNAME = tPlisk;
				TargetAttributes = {
					F9F29D5F1BD17F8800251212 = {
						CreatedOnToolsVersion = 7.0.1;
					};
				};
			};
			buildConfigurationList = F9F29D5B1BD17F8800251212 /* Build configuration list for PBXProject "Flo" */;
			compatibilityVersion = "Xcode 3.2";
			developmentRegion = English;
			hasScannedForEncodings = 0;
			knownRegions = (
				en,
				Base,
			);
			mainGroup = F9F29D571BD17F8800251212;
			productRefGroup = F9F29D611BD17F8800251212 /* Products */;
			projectDirPath = "";
			projectRoot = "";
			targets = (
				F9F29D5F1BD17F8800251212 /* Flo */,
			);
		};
/* End PBXProject section */

/* Begin PBXResourcesBuildPhase section */
		F9F29D5E1BD17F8800251212 /* Resources */ = {
			isa = PBXResourcesBuildPhase;
			buildActionMask = 2147483647;
			files = (
				F9F29D6E1BD17F8800251212 /* LaunchScreen.storyboard in Resources */,
				F9F29D6B1BD17F8800251212 /* Assets.xcassets in Resources */,
				F9F29D691BD17F8800251212 /* Main.storyboard in Resources */,
			);
			runOnlyForDeploymentPostprocessing = 0;
		};
/* End PBXResourcesBuildPhase section */

/* Begin PBXSourcesBuildPhase section */
		F9F29D5C1BD17F8800251212 /* Sources */ = {
			isa = PBXSourcesBuildPhase;
			buildActionMask = 2147483647;
			files = (
				F9F29D661BD17F8800251212 /* ViewController.swift in Sources */,
				F9F29D761BD182E000251212 /* PushButton.swift in Sources */,
				F9F29D641BD17F8800251212 /* AppDelegate.swift in Sources */,
			);
			runOnlyForDeploymentPostprocessing = 0;
		};
/* End PBXSourcesBuildPhase section */

/* Begin PBXVariantGroup section */
		F9F29D671BD17F8800251212 /* Main.storyboard */ = {
			isa = PBXVariantGroup;
			children = (
				F9F29D681BD17F8800251212 /* Base */,
			);
			name = Main.storyboard;
			sourceTree = "<group>";
		};
		F9F29D6C1BD17F8800251212 /* LaunchScreen.storyboard */ = {
			isa = PBXVariantGroup;
			children = (
				F9F29D6D1BD17F8800251212 /* Base */,
			);
			name = LaunchScreen.storyboard;
			sourceTree = "<group>";
		};
/* End PBXVariantGroup section */

/* Begin XCBuildConfiguration section */
		F9F29D701BD17F8800251212 /* Debug */ = {
			isa = XCBuildConfiguration;
			buildSettings = {
				ALWAYS_SEARCH_USER_PATHS = NO;
				CLANG_CXX_LANGUAGE_STANDARD = "gnu++0x";
				CLANG_CXX_LIBRARY = "libc++";
				CLANG_ENABLE_MODULES = YES;
				CLANG_ENABLE_OBJC_ARC = YES;
				CLANG_WARN_BOOL_CONVERSION = YES;
				CLANG_WARN_CONSTANT_CONVERSION = YES;
				CLANG_WARN_DIRECT_OBJC_ISA_USAGE = YES_ERROR;
				CLANG_WARN_EMPTY_BODY = YES;
				CLANG_WARN_ENUM_CONVERSION = YES;
				CLANG_WARN_INT_CONVERSION = YES;
				CLANG_WARN_OBJC_ROOT_CLASS = YES_ERROR;
				CLANG_WARN_UNREACHABLE_CODE = YES;
				CLANG_WARN__DUPLICATE_METHOD_MATCH = YES;
				"CODE_SIGN_IDENTITY[sdk=iphoneos*]" = "iPhone Developer";
				COPY_PHASE_STRIP = NO;
				DEBUG_INFORMATION_FORMAT = dwarf;
				ENABLE_STRICT_OBJC_MSGSEND = YES;
				ENABLE_TESTABILITY = YES;
				GCC_C_LANGUAGE_STANDARD = gnu99;
				GCC_DYNAMIC_NO_PIC = NO;
				GCC_NO_COMMON_BLOCKS = YES;
				GCC_OPTIMIZATION_LEVEL = 0;
				GCC_PREPROCESSOR_DEFINITIONS = (
					"DEBUG=1",
					"$(inherited)",
				);
				GCC_WARN_64_TO_32_BIT_CONVERSION = YES;
				GCC_WARN_ABOUT_RETURN_TYPE = YES_ERROR;
				GCC_WARN_UNDECLARED_SELECTOR = YES;
				GCC_WARN_UNINITIALIZED_AUTOS = YES_AGGRESSIVE;
				GCC_WARN_UNUSED_FUNCTION = YES;
				GCC_WARN_UNUSED_VARIABLE = YES;
				IPHONEOS_DEPLOYMENT_TARGET = 9.0;
				MTL_ENABLE_DEBUG_INFO = YES;
				ONLY_ACTIVE_ARCH = YES;
				SDKROOT = iphoneos;
				SWIFT_OPTIMIZATION_LEVEL = "-Onone";
				TARGETED_DEVICE_FAMILY = "1,2";
			};
			name = Debug;
		};
		F9F29D711BD17F8800251212 /* Release */ = {
			isa = XCBuildConfiguration;
			buildSettings = {
				ALWAYS_SEARCH_USER_PATHS = NO;
				CLANG_CXX_LANGUAGE_STANDARD = "gnu++0x";
				CLANG_CXX_LIBRARY = "libc++";
				CLANG_ENABLE_MODULES = YES;
				CLANG_ENABLE_OBJC_ARC = YES;
				CLANG_WARN_BOOL_CONVERSION = YES;
				CLANG_WARN_CONSTANT_CONVERSION = YES;
				CLANG_WARN_DIRECT_OBJC_ISA_USAGE = YES_ERROR;
				CLANG_WARN_EMPTY_BODY = YES;
				CLANG_WARN_ENUM_CONVERSION = YES;
				CLANG_WARN_INT_CONVERSION = YES;
				CLANG_WARN_OBJC_ROOT_CLASS = YES_ERROR;
				CLANG_WARN_UNREACHABLE_CODE = YES;
				CLANG_WARN__DUPLICATE_METHOD_MATCH = YES;
				"CODE_SIGN_IDENTITY[sdk=iphoneos*]" = "iPhone Developer";
				COPY_PHASE_STRIP = NO;
				DEBUG_INFORMATION_FORMAT = "dwarf-with-dsym";
				ENABLE_NS_ASSERTIONS = NO;
				ENABLE_STRICT_OBJC_MSGSEND = YES;
				GCC_C_LANGUAGE_STANDARD = gnu99;
				GCC_NO_COMMON_BLOCKS = YES;
				GCC_WARN_64_TO_32_BIT_CONVERSION = YES;
				GCC_WARN_ABOUT_RETURN_TYPE = YES_ERROR;
				GCC_WARN_UNDECLARED_SELECTOR = YES;
				GCC_WARN_UNINITIALIZED_AUTOS = YES_AGGRESSIVE;
				GCC_WARN_UNUSED_FUNCTION = YES;
				GCC_WARN_UNUSED_VARIABLE = YES;
				IPHONEOS_DEPLOYMENT_TARGET = 9.0;
				MTL_ENABLE_DEBUG_INFO = NO;
				SDKROOT = iphoneos;
				TARGETED_DEVICE_FAMILY = "1,2";
				VALIDATE_PRODUCT = YES;
			};
			name = Release;
		};
		F9F29D731BD17F8800251212 /* Debug */ = {
			isa = XCBuildConfiguration;
			buildSettings = {
				ASSETCATALOG_COMPILER_APPICON_NAME = AppIcon;
				INFOPLIST_FILE = Flo/Info.plist;
				LD_RUNPATH_SEARCH_PATHS = "$(inherited) @executable_path/Frameworks";
				PRODUCT_BUNDLE_IDENTIFIER = tPlisk.Flo;
				PRODUCT_NAME = "$(TARGET_NAME)";
			};
			name = Debug;
		};
		F9F29D741BD17F8800251212 /* Release */ = {
			isa = XCBuildConfiguration;
			buildSettings = {
				ASSETCATALOG_COMPILER_APPICON_NAME = AppIcon;
				INFOPLIST_FILE = Flo/Info.plist;
				LD_RUNPATH_SEARCH_PATHS = "$(inherited) @executable_path/Frameworks";
				PRODUCT_BUNDLE_IDENTIFIER = tPlisk.Flo;
				PRODUCT_NAME = "$(TARGET_NAME)";
			};
			name = Release;
		};
/* End XCBuildConfiguration section */

/* Begin XCConfigurationList section */
		F9F29D5B1BD17F8800251212 /* Build configuration list for PBXProject "Flo" */ = {
			isa = XCConfigurationList;
			buildConfigurations = (
				F9F29D701BD17F8800251212 /* Debug */,
				F9F29D711BD17F8800251212 /* Release */,
			);
			defaultConfigurationIsVisible = 0;
			defaultConfigurationName = Release;
		};
		F9F29D721BD17F8800251212 /* Build configuration list for PBXNativeTarget "Flo" */ = {
			isa = XCConfigurationList;
			buildConfigurations = (
				F9F29D731BD17F8800251212 /* Debug */,
				F9F29D741BD17F8800251212 /* Release */,
			);
			defaultConfigurationIsVisible = 0;
			defaultConfigurationName = Release;
		};
/* End XCConfigurationList section */
	};
	rootObject = F9F29D581BD17F8800251212 /* Project object */;
}
